
Microsoft Visual Studio Solution File, Format Version 12.00
# Visual Studio Version 17
VisualStudioVersion = 17.14.36623.8 d17.14
MinimumVisualStudioVersion = 10.0.40219.1
Project("{FAE04EC0-301F-11D3-BF4B-00C04F79EFBC}") = "WpfApp1", "WpfApp1\WpfApp1.csproj", "{2CA330F5-7D9C-4FBF-8783-217ED63F141D}"
EndProject
Global
	GlobalSection(SolutionConfigurationPlatforms) = preSolution
		Debug|Any CPU = Debug|Any CPU
		Release|Any CPU = Release|Any CPU
	EndGlobalSection
	GlobalSection(ProjectConfigurationPlatforms) = postSolution
		{2CA330F5-7D9C-4FBF-8783-217ED63F141D}.Debug|Any CPU.ActiveCfg = Debug|Any CPU
		{2CA330F5-7D9C-4FBF-8783-217ED63F141D}.Debug|Any CPU.Build.0 = Debug|Any CPU
		{2CA330F5-7D9C-4FBF-8783-217ED63F141D}.Release|Any CPU.ActiveCfg = Release|Any CPU
		{2CA330F5-7D9C-4FBF-8783-217ED63F141D}.Release|Any CPU.Build.0 = Release|Any CPU
	EndGlobalSection
	GlobalSection(SolutionProperties) = preSolution
		HideSolutionNode = FALSE
	EndGlobalSection
	GlobalSection(ExtensibilityGlobals) = postSolution
		SolutionGuid = {B0A86AF1-3F1C-479B-9585-A23D611A3304}
	EndGlobalSection
EndGlobal
